// !$*UTF8*$!
{
	archiveVersion = 1;
	classes = {
	};
	objectVersion = 55;
	objects = {

/* Begin PBXBuildFile section */
		6BA88118286B0F6100CB5E9B /* AppDelegate.swift in Sources */ = {isa = PBXBuildFile; fileRef = 6BA88117286B0F6100CB5E9B /* AppDelegate.swift */; };
		6BA8811A286B0F6200CB5E9B /* SceneDelegate.swift in Sources */ = {isa = PBXBuildFile; fileRef = 6BA88119286B0F6200CB5E9B /* SceneDelegate.swift */; };
		6BA8811C286B0F6200CB5E9B /* ViewController.swift in Sources */ = {isa = PBXBuildFile; fileRef = 6BA8811B286B0F6200CB5E9B /* ViewController.swift */; };
		6BA8811F286B0F6200CB5E9B /* Main.storyboard in Resources */ = {isa = PBXBuildFile; fileRef = 6BA8811D286B0F6200CB5E9B /* Main.storyboard */; };
		6BA88121286B0F6900CB5E9B /* Assets.xcassets in Resources */ = {isa = PBXBuildFile; fileRef = 6BA88120286B0F6900CB5E9B /* Assets.xcassets */; };
		6BA88124286B0F6900CB5E9B /* LaunchScreen.storyboard in Resources */ = {isa = PBXBuildFile; fileRef = 6BA88122286B0F6900CB5E9B /* LaunchScreen.storyboard */; };
		6BA8812F286B0F6900CB5E9B /* firebaseTests.swift in Sources */ = {isa = PBXBuildFile; fileRef = 6BA8812E286B0F6900CB5E9B /* firebaseTests.swift */; };
		6BA88139286B0F6900CB5E9B /* firebaseUITests.swift in Sources */ = {isa = PBXBuildFile; fileRef = 6BA88138286B0F6900CB5E9B /* firebaseUITests.swift */; };
		6BA8813B286B0F6900CB5E9B /* firebaseUITestsLaunchTests.swift in Sources */ = {isa = PBXBuildFile; fileRef = 6BA8813A286B0F6900CB5E9B /* firebaseUITestsLaunchTests.swift */; };
/* End PBXBuildFile section */

/* Begin PBXContainerItemProxy section */
		6BA8812B286B0F6900CB5E9B /* PBXContainerItemProxy */ = {
			isa = PBXContainerItemProxy;
			containerPortal = 6BA8810C286B0F6100CB5E9B /* Project object */;
			proxyType = 1;
			remoteGlobalIDString = 6BA88113286B0F6100CB5E9B;
			remoteInfo = firebase;
		};
		6BA88135286B0F6900CB5E9B /* PBXContainerItemProxy */ = {
			isa = PBXContainerItemProxy;
			containerPortal = 6BA8810C286B0F6100CB5E9B /* Project object */;
			proxyType = 1;
			remoteGlobalIDString = 6BA88113286B0F6100CB5E9B;
			remoteInfo = firebase;
		};
/* End PBXContainerItemProxy section */

/* Begin PBXFileReference section */
		6BA88114286B0F6100CB5E9B /* firebase.app */ = {isa = PBXFileReference; explicitFileType = wrapper.application; includeInIndex = 0; path = firebase.app; sourceTree = BUILT_PRODUCTS_DIR; };
		6BA88117286B0F6100CB5E9B /* AppDelegate.swift */ = {isa = PBXFileReference; lastKnownFileType = sourcecode.swift; path = AppDelegate.swift; sourceTree = "<group>"; };
		6BA88119286B0F6200CB5E9B /* SceneDelegate.swift */ = {isa = PBXFileReference; lastKnownFileType = sourcecode.swift; path = SceneDelegate.swift; sourceTree = "<group>"; };
		6BA8811B286B0F6200CB5E9B /* ViewController.swift */ = {isa = PBXFileReference; lastKnownFileType = sourcecode.swift; path = ViewController.swift; sourceTree = "<group>"; };
		6BA8811E286B0F6200CB5E9B /* Base */ = {isa = PBXFileReference; lastKnownFileType = file.storyboard; name = Base; path = Base.lproj/Main.storyboard; sourceTree = "<group>"; };
		6BA88120286B0F6900CB5E9B /* Assets.xcassets */ = {isa = PBXFileReference; lastKnownFileType = folder.assetcatalog; path = Assets.xcassets; sourceTree = "<group>"; };
		6BA88123286B0F6900CB5E9B /* Base */ = {isa = PBXFileReference; lastKnownFileType = file.storyboard; name = Base; path = Base.lproj/LaunchScreen.storyboard; sourceTree = "<group>"; };
		6BA88125286B0F6900CB5E9B /* Info.plist */ = {isa = PBXFileReference; lastKnownFileType = text.plist.xml; path = Info.plist; sourceTree = "<group>"; };
		6BA8812A286B0F6900CB5E9B /* firebaseTests.xctest */ = {isa = PBXFileReference; explicitFileType = wrapper.cfbundle; includeInIndex = 0; path = firebaseTests.xctest; sourceTree = BUILT_PRODUCTS_DIR; };
		6BA8812E286B0F6900CB5E9B /* firebaseTests.swift */ = {isa = PBXFileReference; lastKnownFileType = sourcecode.swift; path = firebaseTests.swift; sourceTree = "<group>"; };
		6BA88134286B0F6900CB5E9B /* firebaseUITests.xctest */ = {isa = PBXFileReference; explicitFileType = wrapper.cfbundle; includeInIndex = 0; path = firebaseUITests.xctest; sourceTree = BUILT_PRODUCTS_DIR; };
		6BA88138286B0F6900CB5E9B /* firebaseUITests.swift */ = {isa = PBXFileReference; lastKnownFileType = sourcecode.swift; path = firebaseUITests.swift; sourceTree = "<group>"; };
		6BA8813A286B0F6900CB5E9B /* firebaseUITestsLaunchTests.swift */ = {isa = PBXFileReference; lastKnownFileType = sourcecode.swift; path = firebaseUITestsLaunchTests.swift; sourceTree = "<group>"; };
/* End PBXFileReference section */

/* Begin PBXFrameworksBuildPhase section */
		6BA88111286B0F6100CB5E9B /* Frameworks */ = {
			isa = PBXFrameworksBuildPhase;
			buildActionMask = 2147483647;
			files = (
			);
			runOnlyForDeploymentPostprocessing = 0;
		};
		6BA88127286B0F6900CB5E9B /* Frameworks */ = {
			isa = PBXFrameworksBuildPhase;
			buildActionMask = 2147483647;
			files = (
			);
			runOnlyForDeploymentPostprocessing = 0;
		};
		6BA88131286B0F6900CB5E9B /* Frameworks */ = {
			isa = PBXFrameworksBuildPhase;
			buildActionMask = 2147483647;
			files = (
			);
			runOnlyForDeploymentPostprocessing = 0;
		};
/* End PBXFrameworksBuildPhase section */

/* Begin PBXGroup section */
		6BA8810B286B0F6100CB5E9B = {
			isa = PBXGroup;
			children = (
				6BA88116286B0F6100CB5E9B /* firebase */,
				6BA8812D286B0F6900CB5E9B /* firebaseTests */,
				6BA88137286B0F6900CB5E9B /* firebaseUITests */,
				6BA88115286B0F6100CB5E9B /* Products */,
			);
			sourceTree = "<group>";
		};
		6BA88115286B0F6100CB5E9B /* Products */ = {
			isa = PBXGroup;
			children = (
				6BA88114286B0F6100CB5E9B /* firebase.app */,
				6BA8812A286B0F6900CB5E9B /* firebaseTests.xctest */,
				6BA88134286B0F6900CB5E9B /* firebaseUITests.xctest */,
			);
			name = Products;
			sourceTree = "<group>";
		};
		6BA88116286B0F6100CB5E9B /* firebase */ = {
			isa = PBXGroup;
			children = (
				6BA88117286B0F6100CB5E9B /* AppDelegate.swift */,
				6BA88119286B0F6200CB5E9B /* SceneDelegate.swift */,
				6BA8811B286B0F6200CB5E9B /* ViewController.swift */,
				6BA8811D286B0F6200CB5E9B /* Main.storyboard */,
				6BA88120286B0F6900CB5E9B /* Assets.xcassets */,
				6BA88122286B0F6900CB5E9B /* LaunchScreen.storyboard */,
				6BA88125286B0F6900CB5E9B /* Info.plist */,
			);
			path = firebase;
			sourceTree = "<group>";
		};
		6BA8812D286B0F6900CB5E9B /* firebaseTests */ = {
			isa = PBXGroup;
			children = (
				6BA8812E286B0F6900CB5E9B /* firebaseTests.swift */,
			);
			path = firebaseTests;
			sourceTree = "<group>";
		};
		6BA88137286B0F6900CB5E9B /* firebaseUITests */ = {
			isa = PBXGroup;
			children = (
				6BA88138286B0F6900CB5E9B /* firebaseUITests.swift */,
				6BA8813A286B0F6900CB5E9B /* firebaseUITestsLaunchTests.swift */,
			);
			path = firebaseUITests;
			sourceTree = "<group>";
		};
/* End PBXGroup section */

/* Begin PBXNativeTarget section */
		6BA88113286B0F6100CB5E9B /* firebase */ = {
			isa = PBXNativeTarget;
			buildConfigurationList = 6BA8813E286B0F6900CB5E9B /* Build configuration list for PBXNativeTarget "firebase" */;
			buildPhases = (
				6BA88110286B0F6100CB5E9B /* Sources */,
				6BA88111286B0F6100CB5E9B /* Frameworks */,
				6BA88112286B0F6100CB5E9B /* Resources */,
			);
			buildRules = (
			);
			dependencies = (
			);
			name = firebase;
			productName = firebase;
			productReference = 6BA88114286B0F6100CB5E9B /* firebase.app */;
			productType = "com.apple.product-type.application";
		};
		6BA88129286B0F6900CB5E9B /* firebaseTests */ = {
			isa = PBXNativeTarget;
			buildConfigurationList = 6BA88141286B0F6900CB5E9B /* Build configuration list for PBXNativeTarget "firebaseTests" */;
			buildPhases = (
				6BA88126286B0F6900CB5E9B /* Sources */,
				6BA88127286B0F6900CB5E9B /* Frameworks */,
				6BA88128286B0F6900CB5E9B /* Resources */,
			);
			buildRules = (
			);
			dependencies = (
				6BA8812C286B0F6900CB5E9B /* PBXTargetDependency */,
			);
			name = firebaseTests;
			productName = firebaseTests;
			productReference = 6BA8812A286B0F6900CB5E9B /* firebaseTests.xctest */;
			productType = "com.apple.product-type.bundle.unit-test";
		};
		6BA88133286B0F6900CB5E9B /* firebaseUITests */ = {
			isa = PBXNativeTarget;
			buildConfigurationList = 6BA88144286B0F6900CB5E9B /* Build configuration list for PBXNativeTarget "firebaseUITests" */;
			buildPhases = (
				6BA88130286B0F6900CB5E9B /* Sources */,
				6BA88131286B0F6900CB5E9B /* Frameworks */,
				6BA88132286B0F6900CB5E9B /* Resources */,
			);
			buildRules = (
			);
			dependencies = (
				6BA88136286B0F6900CB5E9B /* PBXTargetDependency */,
			);
			name = firebaseUITests;
			productName = firebaseUITests;
			productReference = 6BA88134286B0F6900CB5E9B /* firebaseUITests.xctest */;
			productType = "com.apple.product-type.bundle.ui-testing";
		};
/* End PBXNativeTarget section */

/* Begin PBXProject section */
		6BA8810C286B0F6100CB5E9B /* Project object */ = {
			isa = PBXProject;
			attributes = {
				BuildIndependentTargetsInParallel = 1;
				LastSwiftUpdateCheck = 1340;
				LastUpgradeCheck = 1340;
				TargetAttributes = {
					6BA88113286B0F6100CB5E9B = {
						CreatedOnToolsVersion = 13.4.1;
					};
					6BA88129286B0F6900CB5E9B = {
						CreatedOnToolsVersion = 13.4.1;
						TestTargetID = 6BA88113286B0F6100CB5E9B;
					};
					6BA88133286B0F6900CB5E9B = {
						CreatedOnToolsVersion = 13.4.1;
						TestTargetID = 6BA88113286B0F6100CB5E9B;
					};
				};
			};
			buildConfigurationList = 6BA8810F286B0F6100CB5E9B /* Build configuration list for PBXProject "firebase" */;
			compatibilityVersion = "Xcode 13.0";
			developmentRegion = en;
			hasScannedForEncodings = 0;
			knownRegions = (
				en,
				Base,
			);
			mainGroup = 6BA8810B286B0F6100CB5E9B;
			productRefGroup = 6BA88115286B0F6100CB5E9B /* Products */;
			projectDirPath = "";
			projectRoot = "";
			targets = (
				6BA88113286B0F6100CB5E9B /* firebase */,
				6BA88129286B0F6900CB5E9B /* firebaseTests */,
				6BA88133286B0F6900CB5E9B /* firebaseUITests */,
			);
		};
/* End PBXProject section */

/* Begin PBXResourcesBuildPhase section */
		6BA88112286B0F6100CB5E9B /* Resources */ = {
			isa = PBXResourcesBuildPhase;
			buildActionMask = 2147483647;
			files = (
				6BA88124286B0F6900CB5E9B /* LaunchScreen.storyboard in Resources */,
				6BA88121286B0F6900CB5E9B /* Assets.xcassets in Resources */,
				6BA8811F286B0F6200CB5E9B /* Main.storyboard in Resources */,
			);
			runOnlyForDeploymentPostprocessing = 0;
		};
		6BA88128286B0F6900CB5E9B /* Resources */ = {
			isa = PBXResourcesBuildPhase;
			buildActionMask = 2147483647;
			files = (
			);
			runOnlyForDeploymentPostprocessing = 0;
		};
		6BA88132286B0F6900CB5E9B /* Resources */ = {
			isa = PBXResourcesBuildPhase;
			buildActionMask = 2147483647;
			files = (
			);
			runOnlyForDeploymentPostprocessing = 0;
		};
/* End PBXResourcesBuildPhase section */

/* Begin PBXSourcesBuildPhase section */
		6BA88110286B0F6100CB5E9B /* Sources */ = {
			isa = PBXSourcesBuildPhase;
			buildActionMask = 2147483647;
			files = (
				6BA8811C286B0F6200CB5E9B /* ViewController.swift in Sources */,
				6BA88118286B0F6100CB5E9B /* AppDelegate.swift in Sources */,
				6BA8811A286B0F6200CB5E9B /* SceneDelegate.swift in Sources */,
			);
			runOnlyForDeploymentPostprocessing = 0;
		};
		6BA88126286B0F6900CB5E9B /* Sources */ = {
			isa = PBXSourcesBuildPhase;
			buildActionMask = 2147483647;
			files = (
				6BA8812F286B0F6900CB5E9B /* firebaseTests.swift in Sources */,
			);
			runOnlyForDeploymentPostprocessing = 0;
		};
		6BA88130286B0F6900CB5E9B /* Sources */ = {
			isa = PBXSourcesBuildPhase;
			buildActionMask = 2147483647;
			files = (
				6BA8813B286B0F6900CB5E9B /* firebaseUITestsLaunchTests.swift in Sources */,
				6BA88139286B0F6900CB5E9B /* firebaseUITests.swift in Sources */,
			);
			runOnlyForDeploymentPostprocessing = 0;
		};
/* End PBXSourcesBuildPhase section */

/* Begin PBXTargetDependency section */
		6BA8812C286B0F6900CB5E9B /* PBXTargetDependency */ = {
			isa = PBXTargetDependency;
			target = 6BA88113286B0F6100CB5E9B /* firebase */;
			targetProxy = 6BA8812B286B0F6900CB5E9B /* PBXContainerItemProxy */;
		};
		6BA88136286B0F6900CB5E9B /* PBXTargetDependency */ = {
			isa = PBXTargetDependency;
			target = 6BA88113286B0F6100CB5E9B /* firebase */;
			targetProxy = 6BA88135286B0F6900CB5E9B /* PBXContainerItemProxy */;
		};
/* End PBXTargetDependency section */

/* Begin PBXVariantGroup section */
		6BA8811D286B0F6200CB5E9B /* Main.storyboard */ = {
			isa = PBXVariantGroup;
			children = (
				6BA8811E286B0F6200CB5E9B /* Base */,
			);
			name = Main.storyboard;
			sourceTree = "<group>";
		};
		6BA88122286B0F6900CB5E9B /* LaunchScreen.storyboard */ = {
			isa = PBXVariantGroup;
			children = (
				6BA88123286B0F6900CB5E9B /* Base */,
			);
			name = LaunchScreen.storyboard;
			sourceTree = "<group>";
		};
/* End PBXVariantGroup section */

/* Begin XCBuildConfiguration section */
		6BA8813C286B0F6900CB5E9B /* Debug */ = {
			isa = XCBuildConfiguration;
			buildSettings = {
				ALWAYS_SEARCH_USER_PATHS = NO;
				CLANG_ANALYZER_NONNULL = YES;
				CLANG_ANALYZER_NUMBER_OBJECT_CONVERSION = YES_AGGRESSIVE;
				CLANG_CXX_LANGUAGE_STANDARD = "gnu++17";
				CLANG_ENABLE_MODULES = YES;
				CLANG_ENABLE_OBJC_ARC = YES;
				CLANG_ENABLE_OBJC_WEAK = YES;
				CLANG_WARN_BLOCK_CAPTURE_AUTORELEASING = YES;
				CLANG_WARN_BOOL_CONVERSION = YES;
				CLANG_WARN_COMMA = YES;
				CLANG_WARN_CONSTANT_CONVERSION = YES;
				CLANG_WARN_DEPRECATED_OBJC_IMPLEMENTATIONS = YES;
				CLANG_WARN_DIRECT_OBJC_ISA_USAGE = YES_ERROR;
				CLANG_WARN_DOCUMENTATION_COMMENTS = YES;
				CLANG_WARN_EMPTY_BODY = YES;
				CLANG_WARN_ENUM_CONVERSION = YES;
				CLANG_WARN_INFINITE_RECURSION = YES;
				CLANG_WARN_INT_CONVERSION = YES;
				CLANG_WARN_NON_LITERAL_NULL_CONVERSION = YES;
				CLANG_WARN_OBJC_IMPLICIT_RETAIN_SELF = YES;
				CLANG_WARN_OBJC_LITERAL_CONVERSION = YES;
				CLANG_WARN_OBJC_ROOT_CLASS = YES_ERROR;
				CLANG_WARN_QUOTED_INCLUDE_IN_FRAMEWORK_HEADER = YES;
				CLANG_WARN_RANGE_LOOP_ANALYSIS = YES;
				CLANG_WARN_STRICT_PROTOTYPES = YES;
				CLANG_WARN_SUSPICIOUS_MOVE = YES;
				CLANG_WARN_UNGUARDED_AVAILABILITY = YES_AGGRESSIVE;
				CLANG_WARN_UNREACHABLE_CODE = YES;
				CLANG_WARN__DUPLICATE_METHOD_MATCH = YES;
				COPY_PHASE_STRIP = NO;
				DEBUG_INFORMATION_FORMAT = dwarf;
				ENABLE_STRICT_OBJC_MSGSEND = YES;
				ENABLE_TESTABILITY = YES;
				GCC_C_LANGUAGE_STANDARD = gnu11;
				GCC_DYNAMIC_NO_PIC = NO;
				GCC_NO_COMMON_BLOCKS = YES;
				GCC_OPTIMIZATION_LEVEL = 0;
				GCC_PREPROCESSOR_DEFINITIONS = (
					"DEBUG=1",
					"$(inherited)",
				);
				GCC_WARN_64_TO_32_BIT_CONVERSION = YES;
				GCC_WARN_ABOUT_RETURN_TYPE = YES_ERROR;
				GCC_WARN_UNDECLARED_SELECTOR = YES;
				GCC_WARN_UNINITIALIZED_AUTOS = YES_AGGRESSIVE;
				GCC_WARN_UNUSED_FUNCTION = YES;
				GCC_WARN_UNUSED_VARIABLE = YES;
				IPHONEOS_DEPLOYMENT_TARGET = 15.5;
				MTL_ENABLE_DEBUG_INFO = INCLUDE_SOURCE;
				MTL_FAST_MATH = YES;
				ONLY_ACTIVE_ARCH = YES;
				SDKROOT = iphoneos;
				SWIFT_ACTIVE_COMPILATION_CONDITIONS = DEBUG;
				SWIFT_OPTIMIZATION_LEVEL = "-Onone";
			};
			name = Debug;
		};
		6BA8813D286B0F6900CB5E9B /* Release */ = {
			isa = XCBuildConfiguration;
			buildSettings = {
				ALWAYS_SEARCH_USER_PATHS = NO;
				CLANG_ANALYZER_NONNULL = YES;
				CLANG_ANALYZER_NUMBER_OBJECT_CONVERSION = YES_AGGRESSIVE;
				CLANG_CXX_LANGUAGE_STANDARD = "gnu++17";
				CLANG_ENABLE_MODULES = YES;
				CLANG_ENABLE_OBJC_ARC = YES;
				CLANG_ENABLE_OBJC_WEAK = YES;
				CLANG_WARN_BLOCK_CAPTURE_AUTORELEASING = YES;
				CLANG_WARN_BOOL_CONVERSION = YES;
				CLANG_WARN_COMMA = YES;
				CLANG_WARN_CONSTANT_CONVERSION = YES;
				CLANG_WARN_DEPRECATED_OBJC_IMPLEMENTATIONS = YES;
				CLANG_WARN_DIRECT_OBJC_ISA_USAGE = YES_ERROR;
				CLANG_WARN_DOCUMENTATION_COMMENTS = YES;
				CLANG_WARN_EMPTY_BODY = YES;
				CLANG_WARN_ENUM_CONVERSION = YES;
				CLANG_WARN_INFINITE_RECURSION = YES;
				CLANG_WARN_INT_CONVERSION = YES;
				CLANG_WARN_NON_LITERAL_NULL_CONVERSION = YES;
				CLANG_WARN_OBJC_IMPLICIT_RETAIN_SELF = YES;
				CLANG_WARN_OBJC_LITERAL_CONVERSION = YES;
				CLANG_WARN_OBJC_ROOT_CLASS = YES_ERROR;
				CLANG_WARN_QUOTED_INCLUDE_IN_FRAMEWORK_HEADER = YES;
				CLANG_WARN_RANGE_LOOP_ANALYSIS = YES;
				CLANG_WARN_STRICT_PROTOTYPES = YES;
				CLANG_WARN_SUSPICIOUS_MOVE = YES;
				CLANG_WARN_UNGUARDED_AVAILABILITY = YES_AGGRESSIVE;
				CLANG_WARN_UNREACHABLE_CODE = YES;
				CLANG_WARN__DUPLICATE_METHOD_MATCH = YES;
				COPY_PHASE_STRIP = NO;
				DEBUG_INFORMATION_FORMAT = "dwarf-with-dsym";
				ENABLE_NS_ASSERTIONS = NO;
				ENABLE_STRICT_OBJC_MSGSEND = YES;
				GCC_C_LANGUAGE_STANDARD = gnu11;
				GCC_NO_COMMON_BLOCKS = YES;
				GCC_WARN_64_TO_32_BIT_CONVERSION = YES;
				GCC_WARN_ABOUT_RETURN_TYPE = YES_ERROR;
				GCC_WARN_UNDECLARED_SELECTOR = YES;
				GCC_WARN_UNINITIALIZED_AUTOS = YES_AGGRESSIVE;
				GCC_WARN_UNUSED_FUNCTION = YES;
				GCC_WARN_UNUSED_VARIABLE = YES;
				IPHONEOS_DEPLOYMENT_TARGET = 15.5;
				MTL_ENABLE_DEBUG_INFO = NO;
				MTL_FAST_MATH = YES;
				SDKROOT = iphoneos;
				SWIFT_COMPILATION_MODE = wholemodule;
				SWIFT_OPTIMIZATION_LEVEL = "-O";
				VALIDATE_PRODUCT = YES;
			};
			name = Release;
		};
		6BA8813F286B0F6900CB5E9B /* Debug */ = {
			isa = XCBuildConfiguration;
			buildSettings = {
				ASSETCATALOG_COMPILER_APPICON_NAME = AppIcon;
				ASSETCATALOG_COMPILER_GLOBAL_ACCENT_COLOR_NAME = AccentColor;
				CODE_SIGN_STYLE = Automatic;
				CURRENT_PROJECT_VERSION = 1;
				GENERATE_INFOPLIST_FILE = YES;
				INFOPLIST_FILE = firebase/Info.plist;
				INFOPLIST_KEY_UIApplicationSupportsIndirectInputEvents = YES;
				INFOPLIST_KEY_UILaunchStoryboardName = LaunchScreen;
				INFOPLIST_KEY_UIMainStoryboardFile = Main;
				INFOPLIST_KEY_UISupportedInterfaceOrientations_iPad = "UIInterfaceOrientationPortrait UIInterfaceOrientationPortraitUpsideDown UIInterfaceOrientationLandscapeLeft UIInterfaceOrientationLandscapeRight";
				INFOPLIST_KEY_UISupportedInterfaceOrientations_iPhone = "UIInterfaceOrientationPortrait UIInterfaceOrientationLandscapeLeft UIInterfaceOrientationLandscapeRight";
				LD_RUNPATH_SEARCH_PATHS = (
					"$(inherited)",
					"@executable_path/Frameworks",
				);
				MARKETING_VERSION = 1.0;
				PRODUCT_BUNDLE_IDENTIFIER = com.krishna.firebase;
				PRODUCT_NAME = "$(TARGET_NAME)";
				SWIFT_EMIT_LOC_STRINGS = YES;
				SWIFT_VERSION = 5.0;
				TARGETED_DEVICE_FAMILY = "1,2";
			};
			name = Debug;
		};
		6BA88140286B0F6900CB5E9B /* Release */ = {
			isa = XCBuildConfiguration;
			buildSettings = {
				ASSETCATALOG_COMPILER_APPICON_NAME = AppIcon;
				ASSETCATALOG_COMPILER_GLOBAL_ACCENT_COLOR_NAME = AccentColor;
				CODE_SIGN_STYLE = Automatic;
				CURRENT_PROJECT_VERSION = 1;
				GENERATE_INFOPLIST_FILE = YES;
				INFOPLIST_FILE = firebase/Info.plist;
				INFOPLIST_KEY_UIApplicationSupportsIndirectInputEvents = YES;
				INFOPLIST_KEY_UILaunchStoryboardName = LaunchScreen;
				INFOPLIST_KEY_UIMainStoryboardFile = Main;
				INFOPLIST_KEY_UISupportedInterfaceOrientations_iPad = "UIInterfaceOrientationPortrait UIInterfaceOrientationPortraitUpsideDown UIInterfaceOrientationLandscapeLeft UIInterfaceOrientationLandscapeRight";
				INFOPLIST_KEY_UISupportedInterfaceOrientations_iPhone = "UIInterfaceOrientationPortrait UIInterfaceOrientationLandscapeLeft UIInterfaceOrientationLandscapeRight";
				LD_RUNPATH_SEARCH_PATHS = (
					"$(inherited)",
					"@executable_path/Frameworks",
				);
				MARKETING_VERSION = 1.0;
				PRODUCT_BUNDLE_IDENTIFIER = com.krishna.firebase;
				PRODUCT_NAME = "$(TARGET_NAME)";
				SWIFT_EMIT_LOC_STRINGS = YES;
				SWIFT_VERSION = 5.0;
				TARGETED_DEVICE_FAMILY = "1,2";
			};
			name = Release;
		};
		6BA88142286B0F6900CB5E9B /* Debug */ = {
			isa = XCBuildConfiguration;
			buildSettings = {
				ALWAYS_EMBED_SWIFT_STANDARD_LIBRARIES = YES;
				BUNDLE_LOADER = "$(TEST_HOST)";
				CODE_SIGN_STYLE = Automatic;
				CURRENT_PROJECT_VERSION = 1;
				GENERATE_INFOPLIST_FILE = YES;
				IPHONEOS_DEPLOYMENT_TARGET = 15.5;
				MARKETING_VERSION = 1.0;
				PRODUCT_BUNDLE_IDENTIFIER = com.krishna.firebaseTests;
				PRODUCT_NAME = "$(TARGET_NAME)";
				SWIFT_EMIT_LOC_STRINGS = NO;
				SWIFT_VERSION = 5.0;
				TARGETED_DEVICE_FAMILY = "1,2";
				TEST_HOST = "$(BUILT_PRODUCTS_DIR)/firebase.app/firebase";
			};
			name = Debug;
		};
		6BA88143286B0F6900CB5E9B /* Release */ = {
			isa = XCBuildConfiguration;
			buildSettings = {
				ALWAYS_EMBED_SWIFT_STANDARD_LIBRARIES = YES;
				BUNDLE_LOADER = "$(TEST_HOST)";
				CODE_SIGN_STYLE = Automatic;
				CURRENT_PROJECT_VERSION = 1;
				GENERATE_INFOPLIST_FILE = YES;
				IPHONEOS_DEPLOYMENT_TARGET = 15.5;
				MARKETING_VERSION = 1.0;
				PRODUCT_BUNDLE_IDENTIFIER = com.krishna.firebaseTests;
				PRODUCT_NAME = "$(TARGET_NAME)";
				SWIFT_EMIT_LOC_STRINGS = NO;
				SWIFT_VERSION = 5.0;
				TARGETED_DEVICE_FAMILY = "1,2";
				TEST_HOST = "$(BUILT_PRODUCTS_DIR)/firebase.app/firebase";
			};
			name = Release;
		};
		6BA88145286B0F6900CB5E9B /* Debug */ = {
			isa = XCBuildConfiguration;
			buildSettings = {
				ALWAYS_EMBED_SWIFT_STANDARD_LIBRARIES = YES;
				CODE_SIGN_STYLE = Automatic;
				CURRENT_PROJECT_VERSION = 1;
				GENERATE_INFOPLIST_FILE = YES;
				MARKETING_VERSION = 1.0;
				PRODUCT_BUNDLE_IDENTIFIER = com.krishna.firebaseUITests;
				PRODUCT_NAME = "$(TARGET_NAME)";
				SWIFT_EMIT_LOC_STRINGS = NO;
				SWIFT_VERSION = 5.0;
				TARGETED_DEVICE_FAMILY = "1,2";
				TEST_TARGET_NAME = firebase;
			};
			name = Debug;
		};
		6BA88146286B0F6900CB5E9B /* Release */ = {
			isa = XCBuildConfiguration;
			buildSettings = {
				ALWAYS_EMBED_SWIFT_STANDARD_LIBRARIES = YES;
				CODE_SIGN_STYLE = Automatic;
				CURRENT_PROJECT_VERSION = 1;
				GENERATE_INFOPLIST_FILE = YES;
				MARKETING_VERSION = 1.0;
				PRODUCT_BUNDLE_IDENTIFIER = com.krishna.firebaseUITests;
				PRODUCT_NAME = "$(TARGET_NAME)";
				SWIFT_EMIT_LOC_STRINGS = NO;
				SWIFT_VERSION = 5.0;
				TARGETED_DEVICE_FAMILY = "1,2";
				TEST_TARGET_NAME = firebase;
			};
			name = Release;
		};
/* End XCBuildConfiguration section */

/* Begin XCConfigurationList section */
		6BA8810F286B0F6100CB5E9B /* Build configuration list for PBXProject "firebase" */ = {
			isa = XCConfigurationList;
			buildConfigurations = (
				6BA8813C286B0F6900CB5E9B /* Debug */,
				6BA8813D286B0F6900CB5E9B /* Release */,
			);
			defaultConfigurationIsVisible = 0;
			defaultConfigurationName = Release;
		};
		6BA8813E286B0F6900CB5E9B /* Build configuration list for PBXNativeTarget "firebase" */ = {
			isa = XCConfigurationList;
			buildConfigurations = (
				6BA8813F286B0F6900CB5E9B /* Debug */,
				6BA88140286B0F6900CB5E9B /* Release */,
			);
			defaultConfigurationIsVisible = 0;
			defaultConfigurationName = Release;
		};
		6BA88141286B0F6900CB5E9B /* Build configuration list for PBXNativeTarget "firebaseTests" */ = {
			isa = XCConfigurationList;
			buildConfigurations = (
				6BA88142286B0F6900CB5E9B /* Debug */,
				6BA88143286B0F6900CB5E9B /* Release */,
			);
			defaultConfigurationIsVisible = 0;
			defaultConfigurationName = Release;
		};
		6BA88144286B0F6900CB5E9B /* Build configuration list for PBXNativeTarget "firebaseUITests" */ = {
			isa = XCConfigurationList;
			buildConfigurations = (
				6BA88145286B0F6900CB5E9B /* Debug */,
				6BA88146286B0F6900CB5E9B /* Release */,
			);
			defaultConfigurationIsVisible = 0;
			defaultConfigurationName = Release;
		};
/* End XCConfigurationList section */
	};
	rootObject = 6BA8810C286B0F6100CB5E9B /* Project object */;
}
